
Microsoft Visual Studio Solution File, Format Version 12.00
# Visual Studio Version 17
VisualStudioVersion = 17.5.002.0
MinimumVisualStudioVersion = 10.0.40219.1
Project("{9A19103F-16F7-4668-BE54-9A1E7A4F7556}") = "indrodução c#", "indrodução c#.csproj", "{00C23062-7B91-48E2-A8BB-91EC313BEC3F}"
EndProject
Global
	GlobalSection(SolutionConfigurationPlatforms) = preSolution
		Debug|Any CPU = Debug|Any CPU
		Release|Any CPU = Release|Any CPU
	EndGlobalSection
	GlobalSection(ProjectConfigurationPlatforms) = postSolution
		{00C23062-7B91-48E2-A8BB-91EC313BEC3F}.Debug|Any CPU.ActiveCfg = Debug|Any CPU
		{00C23062-7B91-48E2-A8BB-91EC313BEC3F}.Debug|Any CPU.Build.0 = Debug|Any CPU
		{00C23062-7B91-48E2-A8BB-91EC313BEC3F}.Release|Any CPU.ActiveCfg = Release|Any CPU
		{00C23062-7B91-48E2-A8BB-91EC313BEC3F}.Release|Any CPU.Build.0 = Release|Any CPU
	EndGlobalSection
	GlobalSection(SolutionProperties) = preSolution
		HideSolutionNode = FALSE
	EndGlobalSection
	GlobalSection(ExtensibilityGlobals) = postSolution
		SolutionGuid = {C7FBD923-9846-4786-B478-E4C569BF059C}
	EndGlobalSection
EndGlobal
