
Microsoft Visual Studio Solution File, Format Version 12.00
# Visual Studio Version 17
VisualStudioVersion = 17.5.002.0
MinimumVisualStudioVersion = 10.0.40219.1
Project("{9A19103F-16F7-4668-BE54-9A1E7A4F7556}") = "introdução .net", "introdução .net.csproj", "{7CE8CBF9-F85B-4256-A461-4DA37AEC9066}"
EndProject
Global
	GlobalSection(SolutionConfigurationPlatforms) = preSolution
		Debug|Any CPU = Debug|Any CPU
		Release|Any CPU = Release|Any CPU
	EndGlobalSection
	GlobalSection(ProjectConfigurationPlatforms) = postSolution
		{7CE8CBF9-F85B-4256-A461-4DA37AEC9066}.Debug|Any CPU.ActiveCfg = Debug|Any CPU
		{7CE8CBF9-F85B-4256-A461-4DA37AEC9066}.Debug|Any CPU.Build.0 = Debug|Any CPU
		{7CE8CBF9-F85B-4256-A461-4DA37AEC9066}.Release|Any CPU.ActiveCfg = Release|Any CPU
		{7CE8CBF9-F85B-4256-A461-4DA37AEC9066}.Release|Any CPU.Build.0 = Release|Any CPU
	EndGlobalSection
	GlobalSection(SolutionProperties) = preSolution
		HideSolutionNode = FALSE
	EndGlobalSection
	GlobalSection(ExtensibilityGlobals) = postSolution
		SolutionGuid = {3CBC2C04-3FEE-4D95-B337-EE14EDB6E2CB}
	EndGlobalSection
EndGlobal
